
Microsoft Visual Studio Solution File, Format Version 12.00
# Visual Studio Version 17
VisualStudioVersion = 17.4.33110.190
MinimumVisualStudioVersion = 10.0.40219.1
Project("{9A19103F-16F7-4668-BE54-9A1E7A4F7556}") = "FFBitrateViewer.ApplicationAvalonia", "FFBitrateViewer.ApplicationAvalonia\FFBitrateViewer.ApplicationAvalonia.csproj", "{3B66B317-1BA6-4F73-BEB2-A462CBB98CDA}"
EndProject
Project("{9A19103F-16F7-4668-BE54-9A1E7A4F7556}") = "FFBitrateViewer.ApplicationAvalonia.Desktop", "FFBitrateViewer.ApplicationAvalonia.Desktop\FFBitrateViewer.ApplicationAvalonia.Desktop.csproj", "{3AE75912-772D-494A-8574-DA9E8F9FF770}"
EndProject
Project("{9A19103F-16F7-4668-BE54-9A1E7A4F7556}") = "FFBitrateViewer.ApplicationWPF", "FFBitrateViewer.ApplicationWPF\FFBitrateViewer.ApplicationWPF.csproj", "{ADB8C070-D1AA-44E4-B99F-A9A258A8EE52}"
EndProject
Project("{FAE04EC0-301F-11D3-BF4B-00C04F79EFBC}") = "FFBitrateViewer.ApplicationAvalonia.UnitTests", "FFBitrateViewer.ApplicationAvalonia.UnitTests\FFBitrateViewer.ApplicationAvalonia.UnitTests.csproj", "{747DC027-88FE-4CD6-9C50-CCE276146DEA}"
EndProject
Global
	GlobalSection(SolutionConfigurationPlatforms) = preSolution
		Debug|Any CPU = Debug|Any CPU
		Release|Any CPU = Release|Any CPU
	EndGlobalSection
	GlobalSection(ProjectConfigurationPlatforms) = postSolution
		{3B66B317-1BA6-4F73-BEB2-A462CBB98CDA}.Debug|Any CPU.ActiveCfg = Debug|Any CPU
		{3B66B317-1BA6-4F73-BEB2-A462CBB98CDA}.Debug|Any CPU.Build.0 = Debug|Any CPU
		{3B66B317-1BA6-4F73-BEB2-A462CBB98CDA}.Release|Any CPU.ActiveCfg = Release|Any CPU
		{3B66B317-1BA6-4F73-BEB2-A462CBB98CDA}.Release|Any CPU.Build.0 = Release|Any CPU
		{3AE75912-772D-494A-8574-DA9E8F9FF770}.Debug|Any CPU.ActiveCfg = Debug|Any CPU
		{3AE75912-772D-494A-8574-DA9E8F9FF770}.Debug|Any CPU.Build.0 = Debug|Any CPU
		{3AE75912-772D-494A-8574-DA9E8F9FF770}.Release|Any CPU.ActiveCfg = Release|Any CPU
		{3AE75912-772D-494A-8574-DA9E8F9FF770}.Release|Any CPU.Build.0 = Release|Any CPU
		{ADB8C070-D1AA-44E4-B99F-A9A258A8EE52}.Debug|Any CPU.ActiveCfg = Debug|Any CPU
		{ADB8C070-D1AA-44E4-B99F-A9A258A8EE52}.Debug|Any CPU.Build.0 = Debug|Any CPU
		{ADB8C070-D1AA-44E4-B99F-A9A258A8EE52}.Release|Any CPU.ActiveCfg = Release|Any CPU
		{ADB8C070-D1AA-44E4-B99F-A9A258A8EE52}.Release|Any CPU.Build.0 = Release|Any CPU
		{747DC027-88FE-4CD6-9C50-CCE276146DEA}.Debug|Any CPU.ActiveCfg = Debug|Any CPU
		{747DC027-88FE-4CD6-9C50-CCE276146DEA}.Debug|Any CPU.Build.0 = Debug|Any CPU
		{747DC027-88FE-4CD6-9C50-CCE276146DEA}.Release|Any CPU.ActiveCfg = Release|Any CPU
		{747DC027-88FE-4CD6-9C50-CCE276146DEA}.Release|Any CPU.Build.0 = Release|Any CPU
	EndGlobalSection
	GlobalSection(SolutionProperties) = preSolution
		HideSolutionNode = FALSE
	EndGlobalSection
	GlobalSection(ExtensibilityGlobals) = postSolution
		SolutionGuid = {991EF20F-1DA0-4C87-9DEE-198031A244A8}
	EndGlobalSection
EndGlobal
